
Microsoft Visual Studio Solution File, Format Version 12.00
# Visual Studio Version 18
VisualStudioVersion = 18.2.11415.280 d18.0
MinimumVisualStudioVersion = 10.0.40219.1
Project("{2150E333-8FDC-42A3-9474-1A3956D46DE8}") = "src", "src", "{827E0CD3-B72D-47B6-A68D-7590B98EB39B}"
EndProject
Project("{2150E333-8FDC-42A3-9474-1A3956D46DE8}") = "RpaAlm.Shared", "RpaAlm.Shared", "{4A969D05-427F-8E17-A227-CE49EE4500D9}"
EndProject
Project("{FAE04EC0-301F-11D3-BF4B-00C04F79EFBC}") = "RpaAlm.Shared.Models", "src\RpaAlm.Shared\RpaAlm.Shared.Models\RpaAlm.Shared.Models.csproj", "{D19E4AA2-B640-48CE-ACFF-8FC6799D53ED}"
EndProject
Project("{FAE04EC0-301F-11D3-BF4B-00C04F79EFBC}") = "RpaAlm.Shared.Configuration", "src\RpaAlm.Shared\RpaAlm.Shared.Configuration\RpaAlm.Shared.Configuration.csproj", "{356FCE8E-8700-48CF-A9B7-5999895EC614}"
EndProject
Project("{FAE04EC0-301F-11D3-BF4B-00C04F79EFBC}") = "RpaAlm.Shared.ApiClient", "src\RpaAlm.Shared\RpaAlm.Shared.ApiClient\RpaAlm.Shared.ApiClient.csproj", "{52496F49-16AD-40EF-AB57-E75444062F3D}"
EndProject
Project("{FAE04EC0-301F-11D3-BF4B-00C04F79EFBC}") = "RpaAlm.Client.WinForms", "src\RpaAlm.Client.WinForms\RpaAlm.Client.WinForms.csproj", "{92DED746-6160-4E03-89CF-389BDE67019B}"
EndProject
Global
	GlobalSection(SolutionConfigurationPlatforms) = preSolution
		Debug|Any CPU = Debug|Any CPU
		Debug|x64 = Debug|x64
		Debug|x86 = Debug|x86
		Release|Any CPU = Release|Any CPU
		Release|x64 = Release|x64
		Release|x86 = Release|x86
	EndGlobalSection
	GlobalSection(ProjectConfigurationPlatforms) = postSolution
		{D19E4AA2-B640-48CE-ACFF-8FC6799D53ED}.Debug|Any CPU.ActiveCfg = Debug|Any CPU
		{D19E4AA2-B640-48CE-ACFF-8FC6799D53ED}.Debug|Any CPU.Build.0 = Debug|Any CPU
		{D19E4AA2-B640-48CE-ACFF-8FC6799D53ED}.Debug|x64.ActiveCfg = Debug|Any CPU
		{D19E4AA2-B640-48CE-ACFF-8FC6799D53ED}.Debug|x64.Build.0 = Debug|Any CPU
		{D19E4AA2-B640-48CE-ACFF-8FC6799D53ED}.Debug|x86.ActiveCfg = Debug|Any CPU
		{D19E4AA2-B640-48CE-ACFF-8FC6799D53ED}.Debug|x86.Build.0 = Debug|Any CPU
		{D19E4AA2-B640-48CE-ACFF-8FC6799D53ED}.Release|Any CPU.ActiveCfg = Release|Any CPU
		{D19E4AA2-B640-48CE-ACFF-8FC6799D53ED}.Release|Any CPU.Build.0 = Release|Any CPU
		{D19E4AA2-B640-48CE-ACFF-8FC6799D53ED}.Release|x64.ActiveCfg = Release|Any CPU
		{D19E4AA2-B640-48CE-ACFF-8FC6799D53ED}.Release|x64.Build.0 = Release|Any CPU
		{D19E4AA2-B640-48CE-ACFF-8FC6799D53ED}.Release|x86.ActiveCfg = Release|Any CPU
		{D19E4AA2-B640-48CE-ACFF-8FC6799D53ED}.Release|x86.Build.0 = Release|Any CPU
		{356FCE8E-8700-48CF-A9B7-5999895EC614}.Debug|Any CPU.ActiveCfg = Debug|Any CPU
		{356FCE8E-8700-48CF-A9B7-5999895EC614}.Debug|Any CPU.Build.0 = Debug|Any CPU
		{356FCE8E-8700-48CF-A9B7-5999895EC614}.Debug|x64.ActiveCfg = Debug|Any CPU
		{356FCE8E-8700-48CF-A9B7-5999895EC614}.Debug|x64.Build.0 = Debug|Any CPU
		{356FCE8E-8700-48CF-A9B7-5999895EC614}.Debug|x86.ActiveCfg = Debug|Any CPU
		{356FCE8E-8700-48CF-A9B7-5999895EC614}.Debug|x86.Build.0 = Debug|Any CPU
		{356FCE8E-8700-48CF-A9B7-5999895EC614}.Release|Any CPU.ActiveCfg = Release|Any CPU
		{356FCE8E-8700-48CF-A9B7-5999895EC614}.Release|Any CPU.Build.0 = Release|Any CPU
		{356FCE8E-8700-48CF-A9B7-5999895EC614}.Release|x64.ActiveCfg = Release|Any CPU
		{356FCE8E-8700-48CF-A9B7-5999895EC614}.Release|x64.Build.0 = Release|Any CPU
		{356FCE8E-8700-48CF-A9B7-5999895EC614}.Release|x86.ActiveCfg = Release|Any CPU
		{356FCE8E-8700-48CF-A9B7-5999895EC614}.Release|x86.Build.0 = Release|Any CPU
		{52496F49-16AD-40EF-AB57-E75444062F3D}.Debug|Any CPU.ActiveCfg = Debug|Any CPU
		{52496F49-16AD-40EF-AB57-E75444062F3D}.Debug|Any CPU.Build.0 = Debug|Any CPU
		{52496F49-16AD-40EF-AB57-E75444062F3D}.Debug|x64.ActiveCfg = Debug|Any CPU
		{52496F49-16AD-40EF-AB57-E75444062F3D}.Debug|x64.Build.0 = Debug|Any CPU
		{52496F49-16AD-40EF-AB57-E75444062F3D}.Debug|x86.ActiveCfg = Debug|Any CPU
		{52496F49-16AD-40EF-AB57-E75444062F3D}.Debug|x86.Build.0 = Debug|Any CPU
		{52496F49-16AD-40EF-AB57-E75444062F3D}.Release|Any CPU.ActiveCfg = Release|Any CPU
		{52496F49-16AD-40EF-AB57-E75444062F3D}.Release|Any CPU.Build.0 = Release|Any CPU
		{52496F49-16AD-40EF-AB57-E75444062F3D}.Release|x64.ActiveCfg = Release|Any CPU
		{52496F49-16AD-40EF-AB57-E75444062F3D}.Release|x64.Build.0 = Release|Any CPU
		{52496F49-16AD-40EF-AB57-E75444062F3D}.Release|x86.ActiveCfg = Release|Any CPU
		{52496F49-16AD-40EF-AB57-E75444062F3D}.Release|x86.Build.0 = Release|Any CPU
		{92DED746-6160-4E03-89CF-389BDE67019B}.Debug|Any CPU.ActiveCfg = Debug|Any CPU
		{92DED746-6160-4E03-89CF-389BDE67019B}.Debug|Any CPU.Build.0 = Debug|Any CPU
		{92DED746-6160-4E03-89CF-389BDE67019B}.Debug|x64.ActiveCfg = Debug|Any CPU
		{92DED746-6160-4E03-89CF-389BDE67019B}.Debug|x64.Build.0 = Debug|Any CPU
		{92DED746-6160-4E03-89CF-389BDE67019B}.Debug|x86.ActiveCfg = Debug|Any CPU
		{92DED746-6160-4E03-89CF-389BDE67019B}.Debug|x86.Build.0 = Debug|Any CPU
		{92DED746-6160-4E03-89CF-389BDE67019B}.Release|Any CPU.ActiveCfg = Release|Any CPU
		{92DED746-6160-4E03-89CF-389BDE67019B}.Release|Any CPU.Build.0 = Release|Any CPU
		{92DED746-6160-4E03-89CF-389BDE67019B}.Release|x64.ActiveCfg = Release|Any CPU
		{92DED746-6160-4E03-89CF-389BDE67019B}.Release|x64.Build.0 = Release|Any CPU
		{92DED746-6160-4E03-89CF-389BDE67019B}.Release|x86.ActiveCfg = Release|Any CPU
		{92DED746-6160-4E03-89CF-389BDE67019B}.Release|x86.Build.0 = Release|Any CPU
	EndGlobalSection
	GlobalSection(SolutionProperties) = preSolution
		HideSolutionNode = FALSE
	EndGlobalSection
	GlobalSection(NestedProjects) = preSolution
		{4A969D05-427F-8E17-A227-CE49EE4500D9} = {827E0CD3-B72D-47B6-A68D-7590B98EB39B}
		{D19E4AA2-B640-48CE-ACFF-8FC6799D53ED} = {4A969D05-427F-8E17-A227-CE49EE4500D9}
		{356FCE8E-8700-48CF-A9B7-5999895EC614} = {4A969D05-427F-8E17-A227-CE49EE4500D9}
		{52496F49-16AD-40EF-AB57-E75444062F3D} = {4A969D05-427F-8E17-A227-CE49EE4500D9}
		{92DED746-6160-4E03-89CF-389BDE67019B} = {827E0CD3-B72D-47B6-A68D-7590B98EB39B}
	EndGlobalSection
EndGlobal
